
Microsoft Visual Studio Solution File, Format Version 12.00
# Visual Studio Version 17
VisualStudioVersion = 17.0.31903.59
MinimumVisualStudioVersion = 10.0.40219.1
Project("{FAE04EC0-301F-11D3-BF4B-00C04F79EFBC}") = "DynamoPostgresTest.WebApi", "DynamoPostgresTest.WebApi\DynamoPostgresTest.WebApi.csproj", "{00D5F2B5-FBBA-4C2A-A21D-769AE42C4399}"
EndProject
Project("{FAE04EC0-301F-11D3-BF4B-00C04F79EFBC}") = "DynamoPostgresTest.Core", "DynamoPostgresTest.Core\DynamoPostgresTest.Core.csproj", "{E2486E84-74CE-45ED-BD34-EB91AA8560AA}"
EndProject
Project("{FAE04EC0-301F-11D3-BF4B-00C04F79EFBC}") = "DynamoPostgresTest.Job", "DynamoPostgresTest.Job\DynamoPostgresTest.Job.csproj", "{A666C7C2-E437-4010-9475-9ED9E45AB70B}"
EndProject
Global
	GlobalSection(SolutionConfigurationPlatforms) = preSolution
		Debug|Any CPU = Debug|Any CPU
		Release|Any CPU = Release|Any CPU
	EndGlobalSection
	GlobalSection(ProjectConfigurationPlatforms) = postSolution
		{00D5F2B5-FBBA-4C2A-A21D-769AE42C4399}.Debug|Any CPU.ActiveCfg = Debug|Any CPU
		{00D5F2B5-FBBA-4C2A-A21D-769AE42C4399}.Debug|Any CPU.Build.0 = Debug|Any CPU
		{00D5F2B5-FBBA-4C2A-A21D-769AE42C4399}.Release|Any CPU.ActiveCfg = Release|Any CPU
		{00D5F2B5-FBBA-4C2A-A21D-769AE42C4399}.Release|Any CPU.Build.0 = Release|Any CPU
		{E2486E84-74CE-45ED-BD34-EB91AA8560AA}.Debug|Any CPU.ActiveCfg = Debug|Any CPU
		{E2486E84-74CE-45ED-BD34-EB91AA8560AA}.Debug|Any CPU.Build.0 = Debug|Any CPU
		{E2486E84-74CE-45ED-BD34-EB91AA8560AA}.Release|Any CPU.ActiveCfg = Release|Any CPU
		{E2486E84-74CE-45ED-BD34-EB91AA8560AA}.Release|Any CPU.Build.0 = Release|Any CPU
		{A666C7C2-E437-4010-9475-9ED9E45AB70B}.Debug|Any CPU.ActiveCfg = Debug|Any CPU
		{A666C7C2-E437-4010-9475-9ED9E45AB70B}.Debug|Any CPU.Build.0 = Debug|Any CPU
		{A666C7C2-E437-4010-9475-9ED9E45AB70B}.Release|Any CPU.ActiveCfg = Release|Any CPU
		{A666C7C2-E437-4010-9475-9ED9E45AB70B}.Release|Any CPU.Build.0 = Release|Any CPU
	EndGlobalSection
	GlobalSection(SolutionProperties) = preSolution
		HideSolutionNode = FALSE
	EndGlobalSection
EndGlobal
